
Microsoft Visual Studio Solution File, Format Version 12.00
# Visual Studio Version 16
VisualStudioVersion = 16.0.31019.35
MinimumVisualStudioVersion = 10.0.40219.1
Project("{FAE04EC0-301F-11D3-BF4B-00C04F79EFBC}") = "ArraySample", "ArraySample\ArraySample.csproj", "{F8CD0F5E-2537-4716-8553-E70279DD58A8}"
EndProject
Global
	GlobalSection(SolutionConfigurationPlatforms) = preSolution
		Debug|Any CPU = Debug|Any CPU
		Release|Any CPU = Release|Any CPU
	EndGlobalSection
	GlobalSection(ProjectConfigurationPlatforms) = postSolution
		{F8CD0F5E-2537-4716-8553-E70279DD58A8}.Debug|Any CPU.ActiveCfg = Debug|Any CPU
		{F8CD0F5E-2537-4716-8553-E70279DD58A8}.Debug|Any CPU.Build.0 = Debug|Any CPU
		{F8CD0F5E-2537-4716-8553-E70279DD58A8}.Release|Any CPU.ActiveCfg = Release|Any CPU
		{F8CD0F5E-2537-4716-8553-E70279DD58A8}.Release|Any CPU.Build.0 = Release|Any CPU
	EndGlobalSection
	GlobalSection(SolutionProperties) = preSolution
		HideSolutionNode = FALSE
	EndGlobalSection
	GlobalSection(ExtensibilityGlobals) = postSolution
		SolutionGuid = {BB939ACC-1D7B-444E-965C-0659A4F7F699}
	EndGlobalSection
EndGlobal
